
Microsoft Visual Studio Solution File, Format Version 12.00
# Visual Studio Version 17
VisualStudioVersion = 17.2.32516.85
MinimumVisualStudioVersion = 10.0.40219.1
Project("{FAE04EC0-301F-11D3-BF4B-00C04F79EFBC}") = "ImageSearchApp", "ImageSearchApp\ImageSearchApp.csproj", "{A17DF4DF-69B8-4528-8D0C-6150211F852B}"
EndProject
Project("{FAE04EC0-301F-11D3-BF4B-00C04F79EFBC}") = "ImageSearchApp.Tests", "ImageSearchApp.Tests\ImageSearchApp.Tests.csproj", "{93CFAAF8-7293-42DF-8111-EAB8E51AE885}"
EndProject
Project("{C7167F0D-BC9F-4E6E-AFE1-012C56B48DB5}") = "ImageSearchApp.Wapp", "ImageSearchApp.Wapp\ImageSearchApp.Wapp.wapproj", "{0B808CE8-9B0A-4B19-B09A-4C98B45FC041}"
EndProject
Global
	GlobalSection(SolutionConfigurationPlatforms) = preSolution
		Debug|Any CPU = Debug|Any CPU
		Debug|ARM = Debug|ARM
		Debug|ARM64 = Debug|ARM64
		Debug|x64 = Debug|x64
		Debug|x86 = Debug|x86
		Release|Any CPU = Release|Any CPU
		Release|ARM = Release|ARM
		Release|ARM64 = Release|ARM64
		Release|x64 = Release|x64
		Release|x86 = Release|x86
	EndGlobalSection
	GlobalSection(ProjectConfigurationPlatforms) = postSolution
		{A17DF4DF-69B8-4528-8D0C-6150211F852B}.Debug|Any CPU.ActiveCfg = Debug|Any CPU
		{A17DF4DF-69B8-4528-8D0C-6150211F852B}.Debug|Any CPU.Build.0 = Debug|Any CPU
		{A17DF4DF-69B8-4528-8D0C-6150211F852B}.Debug|ARM.ActiveCfg = Debug|Any CPU
		{A17DF4DF-69B8-4528-8D0C-6150211F852B}.Debug|ARM.Build.0 = Debug|Any CPU
		{A17DF4DF-69B8-4528-8D0C-6150211F852B}.Debug|ARM64.ActiveCfg = Debug|Any CPU
		{A17DF4DF-69B8-4528-8D0C-6150211F852B}.Debug|ARM64.Build.0 = Debug|Any CPU
		{A17DF4DF-69B8-4528-8D0C-6150211F852B}.Debug|x64.ActiveCfg = Debug|Any CPU
		{A17DF4DF-69B8-4528-8D0C-6150211F852B}.Debug|x64.Build.0 = Debug|Any CPU
		{A17DF4DF-69B8-4528-8D0C-6150211F852B}.Debug|x86.ActiveCfg = Debug|Any CPU
		{A17DF4DF-69B8-4528-8D0C-6150211F852B}.Debug|x86.Build.0 = Debug|Any CPU
		{A17DF4DF-69B8-4528-8D0C-6150211F852B}.Release|Any CPU.ActiveCfg = Release|Any CPU
		{A17DF4DF-69B8-4528-8D0C-6150211F852B}.Release|Any CPU.Build.0 = Release|Any CPU
		{A17DF4DF-69B8-4528-8D0C-6150211F852B}.Release|ARM.ActiveCfg = Release|Any CPU
		{A17DF4DF-69B8-4528-8D0C-6150211F852B}.Release|ARM.Build.0 = Release|Any CPU
		{A17DF4DF-69B8-4528-8D0C-6150211F852B}.Release|ARM64.ActiveCfg = Release|Any CPU
		{A17DF4DF-69B8-4528-8D0C-6150211F852B}.Release|ARM64.Build.0 = Release|Any CPU
		{A17DF4DF-69B8-4528-8D0C-6150211F852B}.Release|x64.ActiveCfg = Release|Any CPU
		{A17DF4DF-69B8-4528-8D0C-6150211F852B}.Release|x64.Build.0 = Release|Any CPU
		{A17DF4DF-69B8-4528-8D0C-6150211F852B}.Release|x86.ActiveCfg = Release|Any CPU
		{A17DF4DF-69B8-4528-8D0C-6150211F852B}.Release|x86.Build.0 = Release|Any CPU
		{93CFAAF8-7293-42DF-8111-EAB8E51AE885}.Debug|Any CPU.ActiveCfg = Debug|Any CPU
		{93CFAAF8-7293-42DF-8111-EAB8E51AE885}.Debug|Any CPU.Build.0 = Debug|Any CPU
		{93CFAAF8-7293-42DF-8111-EAB8E51AE885}.Debug|ARM.ActiveCfg = Debug|Any CPU
		{93CFAAF8-7293-42DF-8111-EAB8E51AE885}.Debug|ARM.Build.0 = Debug|Any CPU
		{93CFAAF8-7293-42DF-8111-EAB8E51AE885}.Debug|ARM64.ActiveCfg = Debug|Any CPU
		{93CFAAF8-7293-42DF-8111-EAB8E51AE885}.Debug|ARM64.Build.0 = Debug|Any CPU
		{93CFAAF8-7293-42DF-8111-EAB8E51AE885}.Debug|x64.ActiveCfg = Debug|Any CPU
		{93CFAAF8-7293-42DF-8111-EAB8E51AE885}.Debug|x64.Build.0 = Debug|Any CPU
		{93CFAAF8-7293-42DF-8111-EAB8E51AE885}.Debug|x86.ActiveCfg = Debug|Any CPU
		{93CFAAF8-7293-42DF-8111-EAB8E51AE885}.Debug|x86.Build.0 = Debug|Any CPU
		{93CFAAF8-7293-42DF-8111-EAB8E51AE885}.Release|Any CPU.ActiveCfg = Release|Any CPU
		{93CFAAF8-7293-42DF-8111-EAB8E51AE885}.Release|Any CPU.Build.0 = Release|Any CPU
		{93CFAAF8-7293-42DF-8111-EAB8E51AE885}.Release|ARM.ActiveCfg = Release|Any CPU
		{93CFAAF8-7293-42DF-8111-EAB8E51AE885}.Release|ARM.Build.0 = Release|Any CPU
		{93CFAAF8-7293-42DF-8111-EAB8E51AE885}.Release|ARM64.ActiveCfg = Release|Any CPU
		{93CFAAF8-7293-42DF-8111-EAB8E51AE885}.Release|ARM64.Build.0 = Release|Any CPU
		{93CFAAF8-7293-42DF-8111-EAB8E51AE885}.Release|x64.ActiveCfg = Release|Any CPU
		{93CFAAF8-7293-42DF-8111-EAB8E51AE885}.Release|x64.Build.0 = Release|Any CPU
		{93CFAAF8-7293-42DF-8111-EAB8E51AE885}.Release|x86.ActiveCfg = Release|Any CPU
		{93CFAAF8-7293-42DF-8111-EAB8E51AE885}.Release|x86.Build.0 = Release|Any CPU
		{0B808CE8-9B0A-4B19-B09A-4C98B45FC041}.Debug|Any CPU.ActiveCfg = Debug|Any CPU
		{0B808CE8-9B0A-4B19-B09A-4C98B45FC041}.Debug|Any CPU.Build.0 = Debug|Any CPU
		{0B808CE8-9B0A-4B19-B09A-4C98B45FC041}.Debug|Any CPU.Deploy.0 = Debug|Any CPU
		{0B808CE8-9B0A-4B19-B09A-4C98B45FC041}.Debug|ARM.ActiveCfg = Debug|ARM
		{0B808CE8-9B0A-4B19-B09A-4C98B45FC041}.Debug|ARM.Build.0 = Debug|ARM
		{0B808CE8-9B0A-4B19-B09A-4C98B45FC041}.Debug|ARM.Deploy.0 = Debug|ARM
		{0B808CE8-9B0A-4B19-B09A-4C98B45FC041}.Debug|ARM64.ActiveCfg = Debug|ARM64
		{0B808CE8-9B0A-4B19-B09A-4C98B45FC041}.Debug|ARM64.Build.0 = Debug|ARM64
		{0B808CE8-9B0A-4B19-B09A-4C98B45FC041}.Debug|ARM64.Deploy.0 = Debug|ARM64
		{0B808CE8-9B0A-4B19-B09A-4C98B45FC041}.Debug|x64.ActiveCfg = Debug|x64
		{0B808CE8-9B0A-4B19-B09A-4C98B45FC041}.Debug|x64.Build.0 = Debug|x64
		{0B808CE8-9B0A-4B19-B09A-4C98B45FC041}.Debug|x64.Deploy.0 = Debug|x64
		{0B808CE8-9B0A-4B19-B09A-4C98B45FC041}.Debug|x86.ActiveCfg = Debug|x86
		{0B808CE8-9B0A-4B19-B09A-4C98B45FC041}.Debug|x86.Build.0 = Debug|x86
		{0B808CE8-9B0A-4B19-B09A-4C98B45FC041}.Debug|x86.Deploy.0 = Debug|x86
		{0B808CE8-9B0A-4B19-B09A-4C98B45FC041}.Release|Any CPU.ActiveCfg = Release|Any CPU
		{0B808CE8-9B0A-4B19-B09A-4C98B45FC041}.Release|Any CPU.Build.0 = Release|Any CPU
		{0B808CE8-9B0A-4B19-B09A-4C98B45FC041}.Release|Any CPU.Deploy.0 = Release|Any CPU
		{0B808CE8-9B0A-4B19-B09A-4C98B45FC041}.Release|ARM.ActiveCfg = Release|ARM
		{0B808CE8-9B0A-4B19-B09A-4C98B45FC041}.Release|ARM.Build.0 = Release|ARM
		{0B808CE8-9B0A-4B19-B09A-4C98B45FC041}.Release|ARM.Deploy.0 = Release|ARM
		{0B808CE8-9B0A-4B19-B09A-4C98B45FC041}.Release|ARM64.ActiveCfg = Release|ARM64
		{0B808CE8-9B0A-4B19-B09A-4C98B45FC041}.Release|ARM64.Build.0 = Release|ARM64
		{0B808CE8-9B0A-4B19-B09A-4C98B45FC041}.Release|ARM64.Deploy.0 = Release|ARM64
		{0B808CE8-9B0A-4B19-B09A-4C98B45FC041}.Release|x64.ActiveCfg = Release|x64
		{0B808CE8-9B0A-4B19-B09A-4C98B45FC041}.Release|x64.Build.0 = Release|x64
		{0B808CE8-9B0A-4B19-B09A-4C98B45FC041}.Release|x64.Deploy.0 = Release|x64
		{0B808CE8-9B0A-4B19-B09A-4C98B45FC041}.Release|x86.ActiveCfg = Release|x86
		{0B808CE8-9B0A-4B19-B09A-4C98B45FC041}.Release|x86.Build.0 = Release|x86
		{0B808CE8-9B0A-4B19-B09A-4C98B45FC041}.Release|x86.Deploy.0 = Release|x86
	EndGlobalSection
	GlobalSection(SolutionProperties) = preSolution
		HideSolutionNode = FALSE
	EndGlobalSection
	GlobalSection(ExtensibilityGlobals) = postSolution
		SolutionGuid = {2A02F943-D7CE-4F27-9C6D-56E09F2A6929}
	EndGlobalSection
EndGlobal
